
Microsoft Visual Studio Solution File, Format Version 12.00
# Visual Studio Version 17
VisualStudioVersion = 17.5.002.0
MinimumVisualStudioVersion = 10.0.40219.1
Project("{9A19103F-16F7-4668-BE54-9A1E7A4F7556}") = "TP#1", "TP#1.csproj", "{9ED3541D-EC02-432B-B2CC-2DB70D83FC93}"
EndProject
Global
	GlobalSection(SolutionConfigurationPlatforms) = preSolution
		Debug|Any CPU = Debug|Any CPU
		Release|Any CPU = Release|Any CPU
	EndGlobalSection
	GlobalSection(ProjectConfigurationPlatforms) = postSolution
		{9ED3541D-EC02-432B-B2CC-2DB70D83FC93}.Debug|Any CPU.ActiveCfg = Debug|Any CPU
		{9ED3541D-EC02-432B-B2CC-2DB70D83FC93}.Debug|Any CPU.Build.0 = Debug|Any CPU
		{9ED3541D-EC02-432B-B2CC-2DB70D83FC93}.Release|Any CPU.ActiveCfg = Release|Any CPU
		{9ED3541D-EC02-432B-B2CC-2DB70D83FC93}.Release|Any CPU.Build.0 = Release|Any CPU
	EndGlobalSection
	GlobalSection(SolutionProperties) = preSolution
		HideSolutionNode = FALSE
	EndGlobalSection
	GlobalSection(ExtensibilityGlobals) = postSolution
		SolutionGuid = {286E7E95-CD0B-481A-9C9F-C7E8728F3331}
	EndGlobalSection
EndGlobal
